// !$*UTF8*$!
{
	archiveVersion = 1;
	classes = {
	};
	objectVersion = 51;
	objects = {

/* Begin PBXBuildFile section */
		0834385628931BA8E6EDF714 /* Pods_BarberShop.framework in Frameworks */ = {isa = PBXBuildFile; fileRef = 126DB524BC07E375A4372EA1 /* Pods_BarberShop.framework */; };
		6302287522C768B700B242C6 /* GoogleService-Info.plist in Resources */ = {isa = PBXBuildFile; fileRef = 6302287422C768B700B242C6 /* GoogleService-Info.plist */; };
		6302287822C76FD900B242C6 /* User.swift in Sources */ = {isa = PBXBuildFile; fileRef = 6302287722C76FD800B242C6 /* User.swift */; };
		633ED44522D0C89400D64BAB /* Location.storyboard in Resources */ = {isa = PBXBuildFile; fileRef = 633ED44422D0C89400D64BAB /* Location.storyboard */; };
		633ED44722D0CC1300D64BAB /* MapKit.framework in Frameworks */ = {isa = PBXBuildFile; fileRef = 633ED44622D0CC1300D64BAB /* MapKit.framework */; };
		633ED44922D0D11400D64BAB /* Address.swift in Sources */ = {isa = PBXBuildFile; fileRef = 633ED44822D0D11400D64BAB /* Address.swift */; };
		633ED44B22D0D31000D64BAB /* AddressAnotation.swift in Sources */ = {isa = PBXBuildFile; fileRef = 633ED44A22D0D31000D64BAB /* AddressAnotation.swift */; };
		63EF769922CA0994006631E5 /* SignUp.storyboard in Resources */ = {isa = PBXBuildFile; fileRef = 63EF769822CA0994006631E5 /* SignUp.storyboard */; };
		63EF769B22CA09FA006631E5 /* SingUPViewController.swift in Sources */ = {isa = PBXBuildFile; fileRef = 63EF769A22CA09FA006631E5 /* SingUPViewController.swift */; };
		63EF769D22CB8E70006631E5 /* Validation+Extensions.swift in Sources */ = {isa = PBXBuildFile; fileRef = 63EF769C22CB8E70006631E5 /* Validation+Extensions.swift */; };
		A614D73822C4D77400AC9FF4 /* ANCustomView.swift in Sources */ = {isa = PBXBuildFile; fileRef = A614D73722C4D77400AC9FF4 /* ANCustomView.swift */; };
		A614D73A22C5462400AC9FF4 /* TimeManager.swift in Sources */ = {isa = PBXBuildFile; fileRef = A614D73922C5462400AC9FF4 /* TimeManager.swift */; };
		A614D73C22C6595C00AC9FF4 /* Time.swift in Sources */ = {isa = PBXBuildFile; fileRef = A614D73B22C6595C00AC9FF4 /* Time.swift */; };
		A618D59622D3AC9E00A93D5E /* AppointmentUnit.swift in Sources */ = {isa = PBXBuildFile; fileRef = A618D59522D3AC9E00A93D5E /* AppointmentUnit.swift */; };
		A618D59822D3AFF700A93D5E /* ScheduleDataManager.swift in Sources */ = {isa = PBXBuildFile; fileRef = A618D59722D3AFF700A93D5E /* ScheduleDataManager.swift */; };
		A618D59A22D499EC00A93D5E /* Day.swift in Sources */ = {isa = PBXBuildFile; fileRef = A618D59922D499EC00A93D5E /* Day.swift */; };
		A61A31A222B7ACFE00FC20BE /* AppDelegate.swift in Sources */ = {isa = PBXBuildFile; fileRef = A61A31A122B7ACFE00FC20BE /* AppDelegate.swift */; };
		A61A31A422B7ACFE00FC20BE /* PricesViewController.swift in Sources */ = {isa = PBXBuildFile; fileRef = A61A31A322B7ACFE00FC20BE /* PricesViewController.swift */; };
		A61A31A722B7ACFE00FC20BE /* Main.storyboard in Resources */ = {isa = PBXBuildFile; fileRef = A61A31A522B7ACFE00FC20BE /* Main.storyboard */; };
		A61A31AA22B7ACFE00FC20BE /* BarberShop.xcdatamodeld in Sources */ = {isa = PBXBuildFile; fileRef = A61A31A822B7ACFE00FC20BE /* BarberShop.xcdatamodeld */; };
		A61A31AC22B7AD0000FC20BE /* Assets.xcassets in Resources */ = {isa = PBXBuildFile; fileRef = A61A31AB22B7AD0000FC20BE /* Assets.xcassets */; };
		A61A31AF22B7AD0000FC20BE /* LaunchScreen.storyboard in Resources */ = {isa = PBXBuildFile; fileRef = A61A31AD22B7AD0000FC20BE /* LaunchScreen.storyboard */; };
		A61A31B822B7BBC200FC20BE /* PriceTableViewCell.swift in Sources */ = {isa = PBXBuildFile; fileRef = A61A31B722B7BBC200FC20BE /* PriceTableViewCell.swift */; };
		A61A31BA22B7C04B00FC20BE /* PriceModel.swift in Sources */ = {isa = PBXBuildFile; fileRef = A61A31B922B7C04B00FC20BE /* PriceModel.swift */; };
		A61A31BE22B7C08600FC20BE /* PricesDataSource.swift in Sources */ = {isa = PBXBuildFile; fileRef = A61A31BD22B7C08600FC20BE /* PricesDataSource.swift */; };
		A61A31C122B7C32500FC20BE /* MainViewController.swift in Sources */ = {isa = PBXBuildFile; fileRef = A61A31C022B7C32500FC20BE /* MainViewController.swift */; };
		A61A31C422B9587E00FC20BE /* AboutUsViewController.swift in Sources */ = {isa = PBXBuildFile; fileRef = A61A31C322B9587E00FC20BE /* AboutUsViewController.swift */; };
		A61A31C722B9596500FC20BE /* AboutUsTableViewCell.swift in Sources */ = {isa = PBXBuildFile; fileRef = A61A31C622B9596500FC20BE /* AboutUsTableViewCell.swift */; };
		A61A31C922B9598200FC20BE /* DescriptionTableViewCell.swift in Sources */ = {isa = PBXBuildFile; fileRef = A61A31C822B9598200FC20BE /* DescriptionTableViewCell.swift */; };
		A61A31CB22B9599900FC20BE /* BarberDescriptionTableViewCell.swift in Sources */ = {isa = PBXBuildFile; fileRef = A61A31CA22B9599900FC20BE /* BarberDescriptionTableViewCell.swift */; };
		A61A31CD22B959AB00FC20BE /* ContactUsTableViewCell.swift in Sources */ = {isa = PBXBuildFile; fileRef = A61A31CC22B959AB00FC20BE /* ContactUsTableViewCell.swift */; };
		A61A31D222B95C8B00FC20BE /* AboutUs.swift in Sources */ = {isa = PBXBuildFile; fileRef = A61A31D122B95C8B00FC20BE /* AboutUs.swift */; };
		A61A31D422B95DBD00FC20BE /* ContactUs.swift in Sources */ = {isa = PBXBuildFile; fileRef = A61A31D322B95DBD00FC20BE /* ContactUs.swift */; };
		A61A31D622B95DE700FC20BE /* Barber.swift in Sources */ = {isa = PBXBuildFile; fileRef = A61A31D522B95DE700FC20BE /* Barber.swift */; };
		A61A31D822B95E3C00FC20BE /* AllBarbers.swift in Sources */ = {isa = PBXBuildFile; fileRef = A61A31D722B95E3C00FC20BE /* AllBarbers.swift */; };
		A61A31DD22B984E500FC20BE /* AboutUsData.swift in Sources */ = {isa = PBXBuildFile; fileRef = A61A31DC22B984E500FC20BE /* AboutUsData.swift */; };
		A61A31DF22B9874700FC20BE /* DescriptionAboveBarbers.swift in Sources */ = {isa = PBXBuildFile; fileRef = A61A31DE22B9874700FC20BE /* DescriptionAboveBarbers.swift */; };
		A61D2D1A22CCA481002DC7CB /* UIView+Extension.swift in Sources */ = {isa = PBXBuildFile; fileRef = A61D2D1922CCA481002DC7CB /* UIView+Extension.swift */; };
		A61D2D2422CD08C7002DC7CB /* ChooseHaircutViewController.swift in Sources */ = {isa = PBXBuildFile; fileRef = A61D2D2322CD08C7002DC7CB /* ChooseHaircutViewController.swift */; };
		A61D2D2622CD08F5002DC7CB /* HaircutTableViewCell.swift in Sources */ = {isa = PBXBuildFile; fileRef = A61D2D2522CD08F5002DC7CB /* HaircutTableViewCell.swift */; };
		A61D2D2A22CD2991002DC7CB /* HaircutDetailsCollectionViewCell.swift in Sources */ = {isa = PBXBuildFile; fileRef = A61D2D2922CD2991002DC7CB /* HaircutDetailsCollectionViewCell.swift */; };
		A6413D0022C0DC9700FA1768 /* Schedule.storyboard in Resources */ = {isa = PBXBuildFile; fileRef = A6413CFF22C0DC9700FA1768 /* Schedule.storyboard */; };
		A6413D0222C0FC4900FA1768 /* DayData.swift in Sources */ = {isa = PBXBuildFile; fileRef = A6413D0122C0FC4900FA1768 /* DayData.swift */; };
		A6413D0922C220D300FA1768 /* BarbersSchedule.swift in Sources */ = {isa = PBXBuildFile; fileRef = A6413D0822C220D300FA1768 /* BarbersSchedule.swift */; };
		A659A00522BD029300274F40 /* HowToGetThereViewController.swift in Sources */ = {isa = PBXBuildFile; fileRef = A659A00422BD029300274F40 /* HowToGetThereViewController.swift */; };
		A659A00922BD0F9D00274F40 /* ChooseBarberViewController.swift in Sources */ = {isa = PBXBuildFile; fileRef = A659A00822BD0F9D00274F40 /* ChooseBarberViewController.swift */; };
		A659A00D22BD0FC300274F40 /* BarberCollectionViewCell.swift in Sources */ = {isa = PBXBuildFile; fileRef = A659A00C22BD0FC300274F40 /* BarberCollectionViewCell.swift */; };
		A659A01322BD46CC00274F40 /* BarberChangeCollectionViewCell.swift in Sources */ = {isa = PBXBuildFile; fileRef = A659A01222BD46CC00274F40 /* BarberChangeCollectionViewCell.swift */; };
		A659A01522BD46F500274F40 /* ChooseWhenViewController.swift in Sources */ = {isa = PBXBuildFile; fileRef = A659A01422BD46F500274F40 /* ChooseWhenViewController.swift */; };
		A659A09A22BFD76C00274F40 /* DatesManager.swift in Sources */ = {isa = PBXBuildFile; fileRef = A659A09922BFD76C00274F40 /* DatesManager.swift */; };
		A659A09C22BFDAB200274F40 /* CurrentDate.swift in Sources */ = {isa = PBXBuildFile; fileRef = A659A09B22BFDAB200274F40 /* CurrentDate.swift */; };
		A659A09F22C0195700274F40 /* Appointment.swift in Sources */ = {isa = PBXBuildFile; fileRef = A659A09E22C0195700274F40 /* Appointment.swift */; };
		A659A0A122C0197400274F40 /* AppointmentDate.swift in Sources */ = {isa = PBXBuildFile; fileRef = A659A0A022C0197400274F40 /* AppointmentDate.swift */; };
		A659A0A322C0198700274F40 /* AppointmentTime.swift in Sources */ = {isa = PBXBuildFile; fileRef = A659A0A222C0198700274F40 /* AppointmentTime.swift */; };
/* End PBXBuildFile section */

/* Begin PBXFileReference section */
		126DB524BC07E375A4372EA1 /* Pods_BarberShop.framework */ = {isa = PBXFileReference; explicitFileType = wrapper.framework; includeInIndex = 0; path = Pods_BarberShop.framework; sourceTree = BUILT_PRODUCTS_DIR; };
		3A240B181F026D50B292C1D9 /* Pods-BarberShop.debug.xcconfig */ = {isa = PBXFileReference; includeInIndex = 1; lastKnownFileType = text.xcconfig; name = "Pods-BarberShop.debug.xcconfig"; path = "Target Support Files/Pods-BarberShop/Pods-BarberShop.debug.xcconfig"; sourceTree = "<group>"; };
		6302287422C768B700B242C6 /* GoogleService-Info.plist */ = {isa = PBXFileReference; fileEncoding = 4; lastKnownFileType = text.plist.xml; path = "GoogleService-Info.plist"; sourceTree = "<group>"; };
		6302287722C76FD800B242C6 /* User.swift */ = {isa = PBXFileReference; lastKnownFileType = sourcecode.swift; path = User.swift; sourceTree = "<group>"; };
		633ED44422D0C89400D64BAB /* Location.storyboard */ = {isa = PBXFileReference; fileEncoding = 4; lastKnownFileType = file.storyboard; path = Location.storyboard; sourceTree = "<group>"; };
		633ED44622D0CC1300D64BAB /* MapKit.framework */ = {isa = PBXFileReference; lastKnownFileType = wrapper.framework; name = MapKit.framework; path = System/Library/Frameworks/MapKit.framework; sourceTree = SDKROOT; };
		633ED44822D0D11400D64BAB /* Address.swift */ = {isa = PBXFileReference; lastKnownFileType = sourcecode.swift; path = Address.swift; sourceTree = "<group>"; };
		633ED44A22D0D31000D64BAB /* AddressAnotation.swift */ = {isa = PBXFileReference; lastKnownFileType = sourcecode.swift; path = AddressAnotation.swift; sourceTree = "<group>"; };
		63EF769822CA0994006631E5 /* SignUp.storyboard */ = {isa = PBXFileReference; lastKnownFileType = file.storyboard; path = SignUp.storyboard; sourceTree = "<group>"; };
		63EF769A22CA09FA006631E5 /* SingUPViewController.swift */ = {isa = PBXFileReference; lastKnownFileType = sourcecode.swift; path = SingUPViewController.swift; sourceTree = "<group>"; };
		63EF769C22CB8E70006631E5 /* Validation+Extensions.swift */ = {isa = PBXFileReference; lastKnownFileType = sourcecode.swift; path = "Validation+Extensions.swift"; sourceTree = "<group>"; };
		7E79FE0E5B0B29D1E9332863 /* Pods-BarberShop.release.xcconfig */ = {isa = PBXFileReference; includeInIndex = 1; lastKnownFileType = text.xcconfig; name = "Pods-BarberShop.release.xcconfig"; path = "Target Support Files/Pods-BarberShop/Pods-BarberShop.release.xcconfig"; sourceTree = "<group>"; };
		A614D73722C4D77400AC9FF4 /* ANCustomView.swift */ = {isa = PBXFileReference; lastKnownFileType = sourcecode.swift; path = ANCustomView.swift; sourceTree = "<group>"; };
		A614D73922C5462400AC9FF4 /* TimeManager.swift */ = {isa = PBXFileReference; lastKnownFileType = sourcecode.swift; path = TimeManager.swift; sourceTree = "<group>"; };
		A614D73B22C6595C00AC9FF4 /* Time.swift */ = {isa = PBXFileReference; lastKnownFileType = sourcecode.swift; path = Time.swift; sourceTree = "<group>"; };
		A618D59522D3AC9E00A93D5E /* AppointmentUnit.swift */ = {isa = PBXFileReference; lastKnownFileType = sourcecode.swift; path = AppointmentUnit.swift; sourceTree = "<group>"; };
		A618D59722D3AFF700A93D5E /* ScheduleDataManager.swift */ = {isa = PBXFileReference; lastKnownFileType = sourcecode.swift; path = ScheduleDataManager.swift; sourceTree = "<group>"; };
		A618D59922D499EC00A93D5E /* Day.swift */ = {isa = PBXFileReference; lastKnownFileType = sourcecode.swift; path = Day.swift; sourceTree = "<group>"; };
		A61A319E22B7ACFE00FC20BE /* BarberShop.app */ = {isa = PBXFileReference; explicitFileType = wrapper.application; includeInIndex = 0; path = BarberShop.app; sourceTree = BUILT_PRODUCTS_DIR; };
		A61A31A122B7ACFE00FC20BE /* AppDelegate.swift */ = {isa = PBXFileReference; lastKnownFileType = sourcecode.swift; path = AppDelegate.swift; sourceTree = "<group>"; };
		A61A31A322B7ACFE00FC20BE /* PricesViewController.swift */ = {isa = PBXFileReference; lastKnownFileType = sourcecode.swift; path = PricesViewController.swift; sourceTree = "<group>"; };
		A61A31A622B7ACFE00FC20BE /* Base */ = {isa = PBXFileReference; lastKnownFileType = file.storyboard; name = Base; path = Base.lproj/Main.storyboard; sourceTree = "<group>"; };
		A61A31A922B7ACFE00FC20BE /* BarberShop.xcdatamodel */ = {isa = PBXFileReference; lastKnownFileType = wrapper.xcdatamodel; path = BarberShop.xcdatamodel; sourceTree = "<group>"; };
		A61A31AB22B7AD0000FC20BE /* Assets.xcassets */ = {isa = PBXFileReference; lastKnownFileType = folder.assetcatalog; path = Assets.xcassets; sourceTree = "<group>"; };
		A61A31AE22B7AD0000FC20BE /* Base */ = {isa = PBXFileReference; lastKnownFileType = file.storyboard; name = Base; path = Base.lproj/LaunchScreen.storyboard; sourceTree = "<group>"; };
		A61A31B022B7AD0000FC20BE /* Info.plist */ = {isa = PBXFileReference; lastKnownFileType = text.plist.xml; path = Info.plist; sourceTree = "<group>"; };
		A61A31B722B7BBC200FC20BE /* PriceTableViewCell.swift */ = {isa = PBXFileReference; lastKnownFileType = sourcecode.swift; path = PriceTableViewCell.swift; sourceTree = "<group>"; };
		A61A31B922B7C04B00FC20BE /* PriceModel.swift */ = {isa = PBXFileReference; lastKnownFileType = sourcecode.swift; path = PriceModel.swift; sourceTree = "<group>"; };
		A61A31BD22B7C08600FC20BE /* PricesDataSource.swift */ = {isa = PBXFileReference; lastKnownFileType = sourcecode.swift; path = PricesDataSource.swift; sourceTree = "<group>"; };
		A61A31C022B7C32500FC20BE /* MainViewController.swift */ = {isa = PBXFileReference; lastKnownFileType = sourcecode.swift; path = MainViewController.swift; sourceTree = "<group>"; };
		A61A31C322B9587E00FC20BE /* AboutUsViewController.swift */ = {isa = PBXFileReference; lastKnownFileType = sourcecode.swift; path = AboutUsViewController.swift; sourceTree = "<group>"; };
		A61A31C622B9596500FC20BE /* AboutUsTableViewCell.swift */ = {isa = PBXFileReference; lastKnownFileType = sourcecode.swift; path = AboutUsTableViewCell.swift; sourceTree = "<group>"; };
		A61A31C822B9598200FC20BE /* DescriptionTableViewCell.swift */ = {isa = PBXFileReference; lastKnownFileType = sourcecode.swift; path = DescriptionTableViewCell.swift; sourceTree = "<group>"; };
		A61A31CA22B9599900FC20BE /* BarberDescriptionTableViewCell.swift */ = {isa = PBXFileReference; lastKnownFileType = sourcecode.swift; path = BarberDescriptionTableViewCell.swift; sourceTree = "<group>"; };
		A61A31CC22B959AB00FC20BE /* ContactUsTableViewCell.swift */ = {isa = PBXFileReference; lastKnownFileType = sourcecode.swift; path = ContactUsTableViewCell.swift; sourceTree = "<group>"; };
		A61A31D122B95C8B00FC20BE /* AboutUs.swift */ = {isa = PBXFileReference; lastKnownFileType = sourcecode.swift; path = AboutUs.swift; sourceTree = "<group>"; };
		A61A31D322B95DBD00FC20BE /* ContactUs.swift */ = {isa = PBXFileReference; lastKnownFileType = sourcecode.swift; path = ContactUs.swift; sourceTree = "<group>"; };
		A61A31D522B95DE700FC20BE /* Barber.swift */ = {isa = PBXFileReference; lastKnownFileType = sourcecode.swift; path = Barber.swift; sourceTree = "<group>"; };
		A61A31D722B95E3C00FC20BE /* AllBarbers.swift */ = {isa = PBXFileReference; lastKnownFileType = sourcecode.swift; path = AllBarbers.swift; sourceTree = "<group>"; };
		A61A31DC22B984E500FC20BE /* AboutUsData.swift */ = {isa = PBXFileReference; lastKnownFileType = sourcecode.swift; path = AboutUsData.swift; sourceTree = "<group>"; };
		A61A31DE22B9874700FC20BE /* DescriptionAboveBarbers.swift */ = {isa = PBXFileReference; lastKnownFileType = sourcecode.swift; path = DescriptionAboveBarbers.swift; sourceTree = "<group>"; };
		A61D2D1922CCA481002DC7CB /* UIView+Extension.swift */ = {isa = PBXFileReference; fileEncoding = 4; lastKnownFileType = sourcecode.swift; path = "UIView+Extension.swift"; sourceTree = "<group>"; };
		A61D2D2322CD08C7002DC7CB /* ChooseHaircutViewController.swift */ = {isa = PBXFileReference; lastKnownFileType = sourcecode.swift; path = ChooseHaircutViewController.swift; sourceTree = "<group>"; };
		A61D2D2522CD08F5002DC7CB /* HaircutTableViewCell.swift */ = {isa = PBXFileReference; lastKnownFileType = sourcecode.swift; path = HaircutTableViewCell.swift; sourceTree = "<group>"; };
		A61D2D2922CD2991002DC7CB /* HaircutDetailsCollectionViewCell.swift */ = {isa = PBXFileReference; lastKnownFileType = sourcecode.swift; path = HaircutDetailsCollectionViewCell.swift; sourceTree = "<group>"; };
		A6413CFF22C0DC9700FA1768 /* Schedule.storyboard */ = {isa = PBXFileReference; lastKnownFileType = file.storyboard; path = Schedule.storyboard; sourceTree = "<group>"; };
		A6413D0122C0FC4900FA1768 /* DayData.swift */ = {isa = PBXFileReference; lastKnownFileType = sourcecode.swift; path = DayData.swift; sourceTree = "<group>"; };
		A6413D0822C220D300FA1768 /* BarbersSchedule.swift */ = {isa = PBXFileReference; lastKnownFileType = sourcecode.swift; path = BarbersSchedule.swift; sourceTree = "<group>"; };
		A659A00422BD029300274F40 /* HowToGetThereViewController.swift */ = {isa = PBXFileReference; lastKnownFileType = sourcecode.swift; path = HowToGetThereViewController.swift; sourceTree = "<group>"; };
		A659A00822BD0F9D00274F40 /* ChooseBarberViewController.swift */ = {isa = PBXFileReference; lastKnownFileType = sourcecode.swift; path = ChooseBarberViewController.swift; sourceTree = "<group>"; };
		A659A00C22BD0FC300274F40 /* BarberCollectionViewCell.swift */ = {isa = PBXFileReference; lastKnownFileType = sourcecode.swift; path = BarberCollectionViewCell.swift; sourceTree = "<group>"; };
		A659A01222BD46CC00274F40 /* BarberChangeCollectionViewCell.swift */ = {isa = PBXFileReference; lastKnownFileType = sourcecode.swift; path = BarberChangeCollectionViewCell.swift; sourceTree = "<group>"; };
		A659A01422BD46F500274F40 /* ChooseWhenViewController.swift */ = {isa = PBXFileReference; lastKnownFileType = sourcecode.swift; path = ChooseWhenViewController.swift; sourceTree = "<group>"; };
		A659A09922BFD76C00274F40 /* DatesManager.swift */ = {isa = PBXFileReference; lastKnownFileType = sourcecode.swift; path = DatesManager.swift; sourceTree = "<group>"; };
		A659A09B22BFDAB200274F40 /* CurrentDate.swift */ = {isa = PBXFileReference; lastKnownFileType = sourcecode.swift; path = CurrentDate.swift; sourceTree = "<group>"; };
		A659A09E22C0195700274F40 /* Appointment.swift */ = {isa = PBXFileReference; lastKnownFileType = sourcecode.swift; path = Appointment.swift; sourceTree = "<group>"; };
		A659A0A022C0197400274F40 /* AppointmentDate.swift */ = {isa = PBXFileReference; lastKnownFileType = sourcecode.swift; path = AppointmentDate.swift; sourceTree = "<group>"; };
		A659A0A222C0198700274F40 /* AppointmentTime.swift */ = {isa = PBXFileReference; lastKnownFileType = sourcecode.swift; path = AppointmentTime.swift; sourceTree = "<group>"; };
/* End PBXFileReference section */

/* Begin PBXFrameworksBuildPhase section */
		A61A319B22B7ACFE00FC20BE /* Frameworks */ = {
			isa = PBXFrameworksBuildPhase;
			buildActionMask = 2147483647;
			files = (
				633ED44722D0CC1300D64BAB /* MapKit.framework in Frameworks */,
				0834385628931BA8E6EDF714 /* Pods_BarberShop.framework in Frameworks */,
			);
			runOnlyForDeploymentPostprocessing = 0;
		};
/* End PBXFrameworksBuildPhase section */

/* Begin PBXGroup section */
		6302287622C76F5600B242C6 /* authentication */ = {
			isa = PBXGroup;
			children = (
				6302287722C76FD800B242C6 /* User.swift */,
				63EF769A22CA09FA006631E5 /* SingUPViewController.swift */,
			);
			path = authentication;
			sourceTree = "<group>";
		};
		825884E206CC3F332B534F6C /* Pods */ = {
			isa = PBXGroup;
			children = (
				3A240B181F026D50B292C1D9 /* Pods-BarberShop.debug.xcconfig */,
				7E79FE0E5B0B29D1E9332863 /* Pods-BarberShop.release.xcconfig */,
			);
			path = Pods;
			sourceTree = "<group>";
		};
		9570C9C248F9A9B2AA373CA6 /* Frameworks */ = {
			isa = PBXGroup;
			children = (
				633ED44622D0CC1300D64BAB /* MapKit.framework */,
				126DB524BC07E375A4372EA1 /* Pods_BarberShop.framework */,
			);
			name = Frameworks;
			sourceTree = "<group>";
		};
		A61A319522B7ACFE00FC20BE = {
			isa = PBXGroup;
			children = (
				A61A31A022B7ACFE00FC20BE /* BarberShop */,
				A61A319F22B7ACFE00FC20BE /* Products */,
				825884E206CC3F332B534F6C /* Pods */,
				9570C9C248F9A9B2AA373CA6 /* Frameworks */,
			);
			sourceTree = "<group>";
		};
		A61A319F22B7ACFE00FC20BE /* Products */ = {
			isa = PBXGroup;
			children = (
				A61A319E22B7ACFE00FC20BE /* BarberShop.app */,
			);
			name = Products;
			sourceTree = "<group>";
		};
		A61A31A022B7ACFE00FC20BE /* BarberShop */ = {
			isa = PBXGroup;
			children = (
				A61D2D1822CCA45F002DC7CB /* extensions */,
				6302287622C76F5600B242C6 /* authentication */,
				A659A09822BFD71000274F40 /* datesAndTme */,
				A659A00622BD0F3C00274F40 /* makingAppointment */,
				A659A00322BD023800274F40 /* howToGetThere */,
				A61A31CF22B95C5500FC20BE /* barbers */,
				A61A31C222B9586A00FC20BE /* aboutUs */,
				A61A31B622B7BB9A00FC20BE /* prices */,
				A61A31BF22B7C30400FC20BE /* main */,
				A6413CFE22C0DBEB00FA1768 /* storyBoards */,
				A61A31A122B7ACFE00FC20BE /* AppDelegate.swift */,
				A61A31A522B7ACFE00FC20BE /* Main.storyboard */,
				A61A31AB22B7AD0000FC20BE /* Assets.xcassets */,
				A61A31AD22B7AD0000FC20BE /* LaunchScreen.storyboard */,
				A61A31B022B7AD0000FC20BE /* Info.plist */,
				A61A31A822B7ACFE00FC20BE /* BarberShop.xcdatamodeld */,
				A614D73722C4D77400AC9FF4 /* ANCustomView.swift */,
				6302287422C768B700B242C6 /* GoogleService-Info.plist */,
			);
			path = BarberShop;
			sourceTree = "<group>";
		};
		A61A31B622B7BB9A00FC20BE /* prices */ = {
			isa = PBXGroup;
			children = (
				A61A31BC22B7C07300FC20BE /* data */,
				A61A31BB22B7C06700FC20BE /* model */,
				A61A31B722B7BBC200FC20BE /* PriceTableViewCell.swift */,
				A61A31A322B7ACFE00FC20BE /* PricesViewController.swift */,
			);
			path = prices;
			sourceTree = "<group>";
		};
		A61A31BB22B7C06700FC20BE /* model */ = {
			isa = PBXGroup;
			children = (
				A61A31B922B7C04B00FC20BE /* PriceModel.swift */,
			);
			path = model;
			sourceTree = "<group>";
		};
		A61A31BC22B7C07300FC20BE /* data */ = {
			isa = PBXGroup;
			children = (
				A61A31BD22B7C08600FC20BE /* PricesDataSource.swift */,
			);
			path = data;
			sourceTree = "<group>";
		};
		A61A31BF22B7C30400FC20BE /* main */ = {
			isa = PBXGroup;
			children = (
				A61A31C022B7C32500FC20BE /* MainViewController.swift */,
			);
			path = main;
			sourceTree = "<group>";
		};
		A61A31C222B9586A00FC20BE /* aboutUs */ = {
			isa = PBXGroup;
			children = (
				A659A00222BD021600274F40 /* controller */,
				A61A31CE22B95C4100FC20BE /* data */,
				A61A31C522B9593200FC20BE /* cells */,
			);
			path = aboutUs;
			sourceTree = "<group>";
		};
		A61A31C522B9593200FC20BE /* cells */ = {
			isa = PBXGroup;
			children = (
				A61A31C622B9596500FC20BE /* AboutUsTableViewCell.swift */,
				A61A31C822B9598200FC20BE /* DescriptionTableViewCell.swift */,
				A61A31CA22B9599900FC20BE /* BarberDescriptionTableViewCell.swift */,
				A61A31CC22B959AB00FC20BE /* ContactUsTableViewCell.swift */,
			);
			path = cells;
			sourceTree = "<group>";
		};
		A61A31CE22B95C4100FC20BE /* data */ = {
			isa = PBXGroup;
			children = (
				A61A31D122B95C8B00FC20BE /* AboutUs.swift */,
				A61A31DC22B984E500FC20BE /* AboutUsData.swift */,
				A61A31D322B95DBD00FC20BE /* ContactUs.swift */,
				A61A31DE22B9874700FC20BE /* DescriptionAboveBarbers.swift */,
			);
			path = data;
			sourceTree = "<group>";
		};
		A61A31CF22B95C5500FC20BE /* barbers */ = {
			isa = PBXGroup;
			children = (
				A61A31D522B95DE700FC20BE /* Barber.swift */,
				A61A31D722B95E3C00FC20BE /* AllBarbers.swift */,
			);
			path = barbers;
			sourceTree = "<group>";
		};
		A61D2D1822CCA45F002DC7CB /* extensions */ = {
			isa = PBXGroup;
			children = (
				A61D2D1922CCA481002DC7CB /* UIView+Extension.swift */,
				63EF769C22CB8E70006631E5 /* Validation+Extensions.swift */,
			);
			path = extensions;
			sourceTree = "<group>";
		};
		A61D2D2222CD0899002DC7CB /* chooseHaircut */ = {
			isa = PBXGroup;
			children = (
				A61D2D2822CD0908002DC7CB /* cell */,
				A61D2D2722CD08F9002DC7CB /* controller */,
			);
			path = chooseHaircut;
			sourceTree = "<group>";
		};
		A61D2D2722CD08F9002DC7CB /* controller */ = {
			isa = PBXGroup;
			children = (
				A61D2D2322CD08C7002DC7CB /* ChooseHaircutViewController.swift */,
			);
			path = controller;
			sourceTree = "<group>";
		};
		A61D2D2822CD0908002DC7CB /* cell */ = {
			isa = PBXGroup;
			children = (
				A61D2D2522CD08F5002DC7CB /* HaircutTableViewCell.swift */,
				A61D2D2922CD2991002DC7CB /* HaircutDetailsCollectionViewCell.swift */,
			);
			path = cell;
			sourceTree = "<group>";
		};
		A6413CFE22C0DBEB00FA1768 /* storyBoards */ = {
			isa = PBXGroup;
			children = (
				633ED44422D0C89400D64BAB /* Location.storyboard */,
				A6413CFF22C0DC9700FA1768 /* Schedule.storyboard */,
				63EF769822CA0994006631E5 /* SignUp.storyboard */,
			);
			path = storyBoards;
			sourceTree = "<group>";
		};
		A6413D0522C21EF100FA1768 /* date */ = {
			isa = PBXGroup;
			children = (
				A659A0A022C0197400274F40 /* AppointmentDate.swift */,
				A659A09922BFD76C00274F40 /* DatesManager.swift */,
				A659A09B22BFDAB200274F40 /* CurrentDate.swift */,
				A6413D0122C0FC4900FA1768 /* DayData.swift */,
			);
			path = date;
			sourceTree = "<group>";
		};
		A6413D0622C21EFE00FA1768 /* time */ = {
			isa = PBXGroup;
			children = (
				A659A0A222C0198700274F40 /* AppointmentTime.swift */,
				A614D73922C5462400AC9FF4 /* TimeManager.swift */,
				A614D73B22C6595C00AC9FF4 /* Time.swift */,
			);
			path = time;
			sourceTree = "<group>";
		};
		A6413D0722C220B500FA1768 /* barbersSchedule */ = {
			isa = PBXGroup;
			children = (
				A618D59722D3AFF700A93D5E /* ScheduleDataManager.swift */,
				A6413D0822C220D300FA1768 /* BarbersSchedule.swift */,
			);
			path = barbersSchedule;
			sourceTree = "<group>";
		};
		A659A00222BD021600274F40 /* controller */ = {
			isa = PBXGroup;
			children = (
				A61A31C322B9587E00FC20BE /* AboutUsViewController.swift */,
			);
			path = controller;
			sourceTree = "<group>";
		};
		A659A00322BD023800274F40 /* howToGetThere */ = {
			isa = PBXGroup;
			children = (
				A659A00422BD029300274F40 /* HowToGetThereViewController.swift */,
				633ED44822D0D11400D64BAB /* Address.swift */,
				633ED44A22D0D31000D64BAB /* AddressAnotation.swift */,
			);
			path = howToGetThere;
			sourceTree = "<group>";
		};
		A659A00622BD0F3C00274F40 /* makingAppointment */ = {
			isa = PBXGroup;
			children = (
				A61D2D2222CD0899002DC7CB /* chooseHaircut */,
				A659A00E22BD465D00274F40 /* chooseWhen */,
				A659A00722BD0F8400274F40 /* chooseBarber */,
			);
			path = makingAppointment;
			sourceTree = "<group>";
		};
		A659A00722BD0F8400274F40 /* chooseBarber */ = {
			isa = PBXGroup;
			children = (
				A659A00B22BD0FAC00274F40 /* cell */,
				A659A00A22BD0FA200274F40 /* controller */,
			);
			path = chooseBarber;
			sourceTree = "<group>";
		};
		A659A00A22BD0FA200274F40 /* controller */ = {
			isa = PBXGroup;
			children = (
				A659A00822BD0F9D00274F40 /* ChooseBarberViewController.swift */,
			);
			path = controller;
			sourceTree = "<group>";
		};
		A659A00B22BD0FAC00274F40 /* cell */ = {
			isa = PBXGroup;
			children = (
				A659A00C22BD0FC300274F40 /* BarberCollectionViewCell.swift */,
			);
			path = cell;
			sourceTree = "<group>";
		};
		A659A00E22BD465D00274F40 /* chooseWhen */ = {
			isa = PBXGroup;
			children = (
				A659A00F22BD466900274F40 /* barberChanger */,
			);
			path = chooseWhen;
			sourceTree = "<group>";
		};
		A659A00F22BD466900274F40 /* barberChanger */ = {
			isa = PBXGroup;
			children = (
				A659A01122BD46AA00274F40 /* controller */,
				A659A01022BD469900274F40 /* cell */,
			);
			path = barberChanger;
			sourceTree = "<group>";
		};
		A659A01022BD469900274F40 /* cell */ = {
			isa = PBXGroup;
			children = (
				A659A01222BD46CC00274F40 /* BarberChangeCollectionViewCell.swift */,
			);
			path = cell;
			sourceTree = "<group>";
		};
		A659A01122BD46AA00274F40 /* controller */ = {
			isa = PBXGroup;
			children = (
				A659A01422BD46F500274F40 /* ChooseWhenViewController.swift */,
			);
			path = controller;
			sourceTree = "<group>";
		};
		A659A09822BFD71000274F40 /* datesAndTme */ = {
			isa = PBXGroup;
			children = (
				A6413D0722C220B500FA1768 /* barbersSchedule */,
				A6413D0622C21EFE00FA1768 /* time */,
				A6413D0522C21EF100FA1768 /* date */,
				A659A09D22C0193D00274F40 /* appointment */,
			);
			path = datesAndTme;
			sourceTree = "<group>";
		};
		A659A09D22C0193D00274F40 /* appointment */ = {
			isa = PBXGroup;
			children = (
				A659A09E22C0195700274F40 /* Appointment.swift */,
				A618D59522D3AC9E00A93D5E /* AppointmentUnit.swift */,
				A618D59922D499EC00A93D5E /* Day.swift */,
			);
			path = appointment;
			sourceTree = "<group>";
		};
/* End PBXGroup section */

/* Begin PBXNativeTarget section */
		A61A319D22B7ACFE00FC20BE /* BarberShop */ = {
			isa = PBXNativeTarget;
			buildConfigurationList = A61A31B322B7AD0000FC20BE /* Build configuration list for PBXNativeTarget "BarberShop" */;
			buildPhases = (
				4F5F47391B9194013EE8157E /* [CP] Check Pods Manifest.lock */,
				A61A319A22B7ACFE00FC20BE /* Sources */,
				A61A319B22B7ACFE00FC20BE /* Frameworks */,
				A61A319C22B7ACFE00FC20BE /* Resources */,
				C589041F7FA3A0ED60C3DD3D /* [CP] Embed Pods Frameworks */,
			);
			buildRules = (
			);
			dependencies = (
			);
			name = BarberShop;
			productName = BarberShop;
			productReference = A61A319E22B7ACFE00FC20BE /* BarberShop.app */;
			productType = "com.apple.product-type.application";
		};
/* End PBXNativeTarget section */

/* Begin PBXProject section */
		A61A319622B7ACFE00FC20BE /* Project object */ = {
			isa = PBXProject;
			attributes = {
				LastSwiftUpdateCheck = 1020;
				LastUpgradeCheck = 1020;
				ORGANIZATIONNAME = Neighbors;
				TargetAttributes = {
					A61A319D22B7ACFE00FC20BE = {
						CreatedOnToolsVersion = 10.2.1;
						SystemCapabilities = {
							com.apple.Maps.iOS = {
								enabled = 1;
							};
						};
					};
				};
			};
			buildConfigurationList = A61A319922B7ACFE00FC20BE /* Build configuration list for PBXProject "BarberShop" */;
			compatibilityVersion = "Xcode 9.3";
			developmentRegion = en;
			hasScannedForEncodings = 0;
			knownRegions = (
				en,
				Base,
			);
			mainGroup = A61A319522B7ACFE00FC20BE;
			productRefGroup = A61A319F22B7ACFE00FC20BE /* Products */;
			projectDirPath = "";
			projectRoot = "";
			targets = (
				A61A319D22B7ACFE00FC20BE /* BarberShop */,
			);
		};
/* End PBXProject section */

/* Begin PBXResourcesBuildPhase section */
		A61A319C22B7ACFE00FC20BE /* Resources */ = {
			isa = PBXResourcesBuildPhase;
			buildActionMask = 2147483647;
			files = (
				A61A31AF22B7AD0000FC20BE /* LaunchScreen.storyboard in Resources */,
				A61A31AC22B7AD0000FC20BE /* Assets.xcassets in Resources */,
				63EF769922CA0994006631E5 /* SignUp.storyboard in Resources */,
				6302287522C768B700B242C6 /* GoogleService-Info.plist in Resources */,
				633ED44522D0C89400D64BAB /* Location.storyboard in Resources */,
				A61A31A722B7ACFE00FC20BE /* Main.storyboard in Resources */,
				A6413D0022C0DC9700FA1768 /* Schedule.storyboard in Resources */,
			);
			runOnlyForDeploymentPostprocessing = 0;
		};
/* End PBXResourcesBuildPhase section */

/* Begin PBXShellScriptBuildPhase section */
		4F5F47391B9194013EE8157E /* [CP] Check Pods Manifest.lock */ = {
			isa = PBXShellScriptBuildPhase;
			buildActionMask = 2147483647;
			files = (
			);
			inputFileListPaths = (
			);
			inputPaths = (
				"${PODS_PODFILE_DIR_PATH}/Podfile.lock",
				"${PODS_ROOT}/Manifest.lock",
			);
			name = "[CP] Check Pods Manifest.lock";
			outputFileListPaths = (
			);
			outputPaths = (
				"$(DERIVED_FILE_DIR)/Pods-BarberShop-checkManifestLockResult.txt",
			);
			runOnlyForDeploymentPostprocessing = 0;
			shellPath = /bin/sh;
			shellScript = "diff \"${PODS_PODFILE_DIR_PATH}/Podfile.lock\" \"${PODS_ROOT}/Manifest.lock\" > /dev/null\nif [ $? != 0 ] ; then\n    # print error to STDERR\n    echo \"error: The sandbox is not in sync with the Podfile.lock. Run 'pod install' or update your CocoaPods installation.\" >&2\n    exit 1\nfi\n# This output is used by Xcode 'outputs' to avoid re-running this script phase.\necho \"SUCCESS\" > \"${SCRIPT_OUTPUT_FILE_0}\"\n";
			showEnvVarsInLog = 0;
		};
		C589041F7FA3A0ED60C3DD3D /* [CP] Embed Pods Frameworks */ = {
			isa = PBXShellScriptBuildPhase;
			buildActionMask = 2147483647;
			files = (
			);
			inputFileListPaths = (
				"${PODS_ROOT}/Target Support Files/Pods-BarberShop/Pods-BarberShop-frameworks-${CONFIGURATION}-input-files.xcfilelist",
			);
			name = "[CP] Embed Pods Frameworks";
			outputFileListPaths = (
				"${PODS_ROOT}/Target Support Files/Pods-BarberShop/Pods-BarberShop-frameworks-${CONFIGURATION}-output-files.xcfilelist",
			);
			runOnlyForDeploymentPostprocessing = 0;
			shellPath = /bin/sh;
			shellScript = "\"${PODS_ROOT}/Target Support Files/Pods-BarberShop/Pods-BarberShop-frameworks.sh\"\n";
			showEnvVarsInLog = 0;
		};
/* End PBXShellScriptBuildPhase section */

/* Begin PBXSourcesBuildPhase section */
		A61A319A22B7ACFE00FC20BE /* Sources */ = {
			isa = PBXSourcesBuildPhase;
			buildActionMask = 2147483647;
			files = (
				A61D2D2422CD08C7002DC7CB /* ChooseHaircutViewController.swift in Sources */,
				A61A31C422B9587E00FC20BE /* AboutUsViewController.swift in Sources */,
				A618D59622D3AC9E00A93D5E /* AppointmentUnit.swift in Sources */,
				A61A31D222B95C8B00FC20BE /* AboutUs.swift in Sources */,
				633ED44B22D0D31000D64BAB /* AddressAnotation.swift in Sources */,
				A61A31CB22B9599900FC20BE /* BarberDescriptionTableViewCell.swift in Sources */,
				A61A31C122B7C32500FC20BE /* MainViewController.swift in Sources */,
				6302287822C76FD900B242C6 /* User.swift in Sources */,
				A61A31D422B95DBD00FC20BE /* ContactUs.swift in Sources */,
				A61A31D822B95E3C00FC20BE /* AllBarbers.swift in Sources */,
				A659A01322BD46CC00274F40 /* BarberChangeCollectionViewCell.swift in Sources */,
				A659A00D22BD0FC300274F40 /* BarberCollectionViewCell.swift in Sources */,
				A61A31C722B9596500FC20BE /* AboutUsTableViewCell.swift in Sources */,
				A61D2D2622CD08F5002DC7CB /* HaircutTableViewCell.swift in Sources */,
				633ED44922D0D11400D64BAB /* Address.swift in Sources */,
				A659A0A122C0197400274F40 /* AppointmentDate.swift in Sources */,
				A61A31DD22B984E500FC20BE /* AboutUsData.swift in Sources */,
				A61D2D2A22CD2991002DC7CB /* HaircutDetailsCollectionViewCell.swift in Sources */,
				A61A31A422B7ACFE00FC20BE /* PricesViewController.swift in Sources */,
				A61A31B822B7BBC200FC20BE /* PriceTableViewCell.swift in Sources */,
				A614D73822C4D77400AC9FF4 /* ANCustomView.swift in Sources */,
				A61A31DF22B9874700FC20BE /* DescriptionAboveBarbers.swift in Sources */,
				A659A0A322C0198700274F40 /* AppointmentTime.swift in Sources */,
				A618D59A22D499EC00A93D5E /* Day.swift in Sources */,
				A659A09F22C0195700274F40 /* Appointment.swift in Sources */,
				A659A00522BD029300274F40 /* HowToGetThereViewController.swift in Sources */,
				A61A31BE22B7C08600FC20BE /* PricesDataSource.swift in Sources */,
				A61A31D622B95DE700FC20BE /* Barber.swift in Sources */,
				A659A01522BD46F500274F40 /* ChooseWhenViewController.swift in Sources */,
				A659A00922BD0F9D00274F40 /* ChooseBarberViewController.swift in Sources */,
				A614D73A22C5462400AC9FF4 /* TimeManager.swift in Sources */,
				A6413D0222C0FC4900FA1768 /* DayData.swift in Sources */,
				A614D73C22C6595C00AC9FF4 /* Time.swift in Sources */,
				A659A09A22BFD76C00274F40 /* DatesManager.swift in Sources */,
				A61A31C922B9598200FC20BE /* DescriptionTableViewCell.swift in Sources */,
				A61A31A222B7ACFE00FC20BE /* AppDelegate.swift in Sources */,
				A61A31AA22B7ACFE00FC20BE /* BarberShop.xcdatamodeld in Sources */,
				A61D2D1A22CCA481002DC7CB /* UIView+Extension.swift in Sources */,
				A6413D0922C220D300FA1768 /* BarbersSchedule.swift in Sources */,
				A618D59822D3AFF700A93D5E /* ScheduleDataManager.swift in Sources */,
				A61A31CD22B959AB00FC20BE /* ContactUsTableViewCell.swift in Sources */,
				63EF769D22CB8E70006631E5 /* Validation+Extensions.swift in Sources */,
				A659A09C22BFDAB200274F40 /* CurrentDate.swift in Sources */,
				A61A31BA22B7C04B00FC20BE /* PriceModel.swift in Sources */,
				63EF769B22CA09FA006631E5 /* SingUPViewController.swift in Sources */,
			);
			runOnlyForDeploymentPostprocessing = 0;
		};
/* End PBXSourcesBuildPhase section */

/* Begin PBXVariantGroup section */
		A61A31A522B7ACFE00FC20BE /* Main.storyboard */ = {
			isa = PBXVariantGroup;
			children = (
				A61A31A622B7ACFE00FC20BE /* Base */,
			);
			name = Main.storyboard;
			sourceTree = "<group>";
		};
		A61A31AD22B7AD0000FC20BE /* LaunchScreen.storyboard */ = {
			isa = PBXVariantGroup;
			children = (
				A61A31AE22B7AD0000FC20BE /* Base */,
			);
			name = LaunchScreen.storyboard;
			sourceTree = "<group>";
		};
/* End PBXVariantGroup section */

/* Begin XCBuildConfiguration section */
		A61A31B122B7AD0000FC20BE /* Debug */ = {
			isa = XCBuildConfiguration;
			buildSettings = {
				ALWAYS_SEARCH_USER_PATHS = NO;
				CLANG_ANALYZER_NONNULL = YES;
				CLANG_ANALYZER_NUMBER_OBJECT_CONVERSION = YES_AGGRESSIVE;
				CLANG_CXX_LANGUAGE_STANDARD = "gnu++14";
				CLANG_CXX_LIBRARY = "libc++";
				CLANG_ENABLE_MODULES = YES;
				CLANG_ENABLE_OBJC_ARC = YES;
				CLANG_ENABLE_OBJC_WEAK = YES;
				CLANG_WARN_BLOCK_CAPTURE_AUTORELEASING = YES;
				CLANG_WARN_BOOL_CONVERSION = YES;
				CLANG_WARN_COMMA = YES;
				CLANG_WARN_CONSTANT_CONVERSION = YES;
				CLANG_WARN_DEPRECATED_OBJC_IMPLEMENTATIONS = YES;
				CLANG_WARN_DIRECT_OBJC_ISA_USAGE = YES_ERROR;
				CLANG_WARN_DOCUMENTATION_COMMENTS = YES;
				CLANG_WARN_EMPTY_BODY = YES;
				CLANG_WARN_ENUM_CONVERSION = YES;
				CLANG_WARN_INFINITE_RECURSION = YES;
				CLANG_WARN_INT_CONVERSION = YES;
				CLANG_WARN_NON_LITERAL_NULL_CONVERSION = YES;
				CLANG_WARN_OBJC_IMPLICIT_RETAIN_SELF = YES;
				CLANG_WARN_OBJC_LITERAL_CONVERSION = YES;
				CLANG_WARN_OBJC_ROOT_CLASS = YES_ERROR;
				CLANG_WARN_RANGE_LOOP_ANALYSIS = YES;
				CLANG_WARN_STRICT_PROTOTYPES = YES;
				CLANG_WARN_SUSPICIOUS_MOVE = YES;
				CLANG_WARN_UNGUARDED_AVAILABILITY = YES_AGGRESSIVE;
				CLANG_WARN_UNREACHABLE_CODE = YES;
				CLANG_WARN__DUPLICATE_METHOD_MATCH = YES;
				CODE_SIGN_IDENTITY = "iPhone Developer";
				COPY_PHASE_STRIP = NO;
				DEBUG_INFORMATION_FORMAT = dwarf;
				ENABLE_STRICT_OBJC_MSGSEND = YES;
				ENABLE_TESTABILITY = YES;
				GCC_C_LANGUAGE_STANDARD = gnu11;
				GCC_DYNAMIC_NO_PIC = NO;
				GCC_NO_COMMON_BLOCKS = YES;
				GCC_OPTIMIZATION_LEVEL = 0;
				GCC_PREPROCESSOR_DEFINITIONS = (
					"DEBUG=1",
					"$(inherited)",
				);
				GCC_WARN_64_TO_32_BIT_CONVERSION = YES;
				GCC_WARN_ABOUT_RETURN_TYPE = YES_ERROR;
				GCC_WARN_UNDECLARED_SELECTOR = YES;
				GCC_WARN_UNINITIALIZED_AUTOS = YES_AGGRESSIVE;
				GCC_WARN_UNUSED_FUNCTION = YES;
				GCC_WARN_UNUSED_VARIABLE = YES;
				IPHONEOS_DEPLOYMENT_TARGET = 12.2;
				MTL_ENABLE_DEBUG_INFO = INCLUDE_SOURCE;
				MTL_FAST_MATH = YES;
				ONLY_ACTIVE_ARCH = YES;
				SDKROOT = iphoneos;
				SWIFT_ACTIVE_COMPILATION_CONDITIONS = DEBUG;
				SWIFT_OPTIMIZATION_LEVEL = "-Onone";
			};
			name = Debug;
		};
		A61A31B222B7AD0000FC20BE /* Release */ = {
			isa = XCBuildConfiguration;
			buildSettings = {
				ALWAYS_SEARCH_USER_PATHS = NO;
				CLANG_ANALYZER_NONNULL = YES;
				CLANG_ANALYZER_NUMBER_OBJECT_CONVERSION = YES_AGGRESSIVE;
				CLANG_CXX_LANGUAGE_STANDARD = "gnu++14";
				CLANG_CXX_LIBRARY = "libc++";
				CLANG_ENABLE_MODULES = YES;
				CLANG_ENABLE_OBJC_ARC = YES;
				CLANG_ENABLE_OBJC_WEAK = YES;
				CLANG_WARN_BLOCK_CAPTURE_AUTORELEASING = YES;
				CLANG_WARN_BOOL_CONVERSION = YES;
				CLANG_WARN_COMMA = YES;
				CLANG_WARN_CONSTANT_CONVERSION = YES;
				CLANG_WARN_DEPRECATED_OBJC_IMPLEMENTATIONS = YES;
				CLANG_WARN_DIRECT_OBJC_ISA_USAGE = YES_ERROR;
				CLANG_WARN_DOCUMENTATION_COMMENTS = YES;
				CLANG_WARN_EMPTY_BODY = YES;
				CLANG_WARN_ENUM_CONVERSION = YES;
				CLANG_WARN_INFINITE_RECURSION = YES;
				CLANG_WARN_INT_CONVERSION = YES;
				CLANG_WARN_NON_LITERAL_NULL_CONVERSION = YES;
				CLANG_WARN_OBJC_IMPLICIT_RETAIN_SELF = YES;
				CLANG_WARN_OBJC_LITERAL_CONVERSION = YES;
				CLANG_WARN_OBJC_ROOT_CLASS = YES_ERROR;
				CLANG_WARN_RANGE_LOOP_ANALYSIS = YES;
				CLANG_WARN_STRICT_PROTOTYPES = YES;
				CLANG_WARN_SUSPICIOUS_MOVE = YES;
				CLANG_WARN_UNGUARDED_AVAILABILITY = YES_AGGRESSIVE;
				CLANG_WARN_UNREACHABLE_CODE = YES;
				CLANG_WARN__DUPLICATE_METHOD_MATCH = YES;
				CODE_SIGN_IDENTITY = "iPhone Developer";
				COPY_PHASE_STRIP = NO;
				DEBUG_INFORMATION_FORMAT = "dwarf-with-dsym";
				ENABLE_NS_ASSERTIONS = NO;
				ENABLE_STRICT_OBJC_MSGSEND = YES;
				GCC_C_LANGUAGE_STANDARD = gnu11;
				GCC_NO_COMMON_BLOCKS = YES;
				GCC_WARN_64_TO_32_BIT_CONVERSION = YES;
				GCC_WARN_ABOUT_RETURN_TYPE = YES_ERROR;
				GCC_WARN_UNDECLARED_SELECTOR = YES;
				GCC_WARN_UNINITIALIZED_AUTOS = YES_AGGRESSIVE;
				GCC_WARN_UNUSED_FUNCTION = YES;
				GCC_WARN_UNUSED_VARIABLE = YES;
				IPHONEOS_DEPLOYMENT_TARGET = 12.2;
				MTL_ENABLE_DEBUG_INFO = NO;
				MTL_FAST_MATH = YES;
				SDKROOT = iphoneos;
				SWIFT_COMPILATION_MODE = wholemodule;
				SWIFT_OPTIMIZATION_LEVEL = "-O";
				VALIDATE_PRODUCT = YES;
			};
			name = Release;
		};
		A61A31B422B7AD0000FC20BE /* Debug */ = {
			isa = XCBuildConfiguration;
			baseConfigurationReference = 3A240B181F026D50B292C1D9 /* Pods-BarberShop.debug.xcconfig */;
			buildSettings = {
				ASSETCATALOG_COMPILER_APPICON_NAME = AppIcon;
				CODE_SIGN_STYLE = Automatic;
				INFOPLIST_FILE = BarberShop/Info.plist;
				IPHONEOS_DEPLOYMENT_TARGET = 12.2;
				LD_RUNPATH_SEARCH_PATHS = (
					"$(inherited)",
					"@executable_path/Frameworks",
				);
				PRODUCT_BUNDLE_IDENTIFIER = neighbors.BarberShop;
				PRODUCT_NAME = "$(TARGET_NAME)";
				SWIFT_VERSION = 5.0;
				TARGETED_DEVICE_FAMILY = 1;
			};
			name = Debug;
		};
		A61A31B522B7AD0000FC20BE /* Release */ = {
			isa = XCBuildConfiguration;
			baseConfigurationReference = 7E79FE0E5B0B29D1E9332863 /* Pods-BarberShop.release.xcconfig */;
			buildSettings = {
				ASSETCATALOG_COMPILER_APPICON_NAME = AppIcon;
				CODE_SIGN_STYLE = Automatic;
				INFOPLIST_FILE = BarberShop/Info.plist;
				IPHONEOS_DEPLOYMENT_TARGET = 12.2;
				LD_RUNPATH_SEARCH_PATHS = (
					"$(inherited)",
					"@executable_path/Frameworks",
				);
				PRODUCT_BUNDLE_IDENTIFIER = neighbors.BarberShop;
				PRODUCT_NAME = "$(TARGET_NAME)";
				SWIFT_VERSION = 5.0;
				TARGETED_DEVICE_FAMILY = 1;
			};
			name = Release;
		};
/* End XCBuildConfiguration section */

/* Begin XCConfigurationList section */
		A61A319922B7ACFE00FC20BE /* Build configuration list for PBXProject "BarberShop" */ = {
			isa = XCConfigurationList;
			buildConfigurations = (
				A61A31B122B7AD0000FC20BE /* Debug */,
				A61A31B222B7AD0000FC20BE /* Release */,
			);
			defaultConfigurationIsVisible = 0;
			defaultConfigurationName = Release;
		};
		A61A31B322B7AD0000FC20BE /* Build configuration list for PBXNativeTarget "BarberShop" */ = {
			isa = XCConfigurationList;
			buildConfigurations = (
				A61A31B422B7AD0000FC20BE /* Debug */,
				A61A31B522B7AD0000FC20BE /* Release */,
			);
			defaultConfigurationIsVisible = 0;
			defaultConfigurationName = Release;
		};
/* End XCConfigurationList section */

/* Begin XCVersionGroup section */
		A61A31A822B7ACFE00FC20BE /* BarberShop.xcdatamodeld */ = {
			isa = XCVersionGroup;
			children = (
				A61A31A922B7ACFE00FC20BE /* BarberShop.xcdatamodel */,
			);
			currentVersion = A61A31A922B7ACFE00FC20BE /* BarberShop.xcdatamodel */;
			path = BarberShop.xcdatamodeld;
			sourceTree = "<group>";
			versionGroupType = wrapper.xcdatamodel;
		};
/* End XCVersionGroup section */
	};
	rootObject = A61A319622B7ACFE00FC20BE /* Project object */;
}
